
Microsoft Visual Studio Solution File, Format Version 12.00
# Visual Studio Version 17
VisualStudioVersion = 17.5.33530.505
MinimumVisualStudioVersion = 10.0.40219.1
Project("{FAE04EC0-301F-11D3-BF4B-00C04F79EFBC}") = "wess", "wess\wess.csproj", "{DE7111BD-9271-42C8-8643-36432143F5C6}"
EndProject
Global
	GlobalSection(SolutionConfigurationPlatforms) = preSolution
		Debug|Any CPU = Debug|Any CPU
		Release|Any CPU = Release|Any CPU
	EndGlobalSection
	GlobalSection(ProjectConfigurationPlatforms) = postSolution
		{DE7111BD-9271-42C8-8643-36432143F5C6}.Debug|Any CPU.ActiveCfg = Debug|Any CPU
		{DE7111BD-9271-42C8-8643-36432143F5C6}.Debug|Any CPU.Build.0 = Debug|Any CPU
		{DE7111BD-9271-42C8-8643-36432143F5C6}.Release|Any CPU.ActiveCfg = Release|Any CPU
		{DE7111BD-9271-42C8-8643-36432143F5C6}.Release|Any CPU.Build.0 = Release|Any CPU
	EndGlobalSection
	GlobalSection(SolutionProperties) = preSolution
		HideSolutionNode = FALSE
	EndGlobalSection
	GlobalSection(ExtensibilityGlobals) = postSolution
		SolutionGuid = {D15209BA-CDF8-426F-AC3A-39D4C733FD61}
	EndGlobalSection
EndGlobal
